
Microsoft Visual Studio Solution File, Format Version 12.00
# Visual Studio Version 17
VisualStudioVersion = 17.10.35027.167
MinimumVisualStudioVersion = 10.0.40219.1
Project("{FAE04EC0-301F-11D3-BF4B-00C04F79EFBC}") = "YAGO.YagoWorld.Host", "YAGO.YagoWorld.Host\YAGO.YagoWorld.Host.csproj", "{42B333C4-A975-4C33-ACF9-E173CDEEEFAD}"
EndProject
Global
	GlobalSection(SolutionConfigurationPlatforms) = preSolution
		Debug|Any CPU = Debug|Any CPU
		Release|Any CPU = Release|Any CPU
	EndGlobalSection
	GlobalSection(ProjectConfigurationPlatforms) = postSolution
		{42B333C4-A975-4C33-ACF9-E173CDEEEFAD}.Debug|Any CPU.ActiveCfg = Debug|Any CPU
		{42B333C4-A975-4C33-ACF9-E173CDEEEFAD}.Debug|Any CPU.Build.0 = Debug|Any CPU
		{42B333C4-A975-4C33-ACF9-E173CDEEEFAD}.Release|Any CPU.ActiveCfg = Release|Any CPU
		{42B333C4-A975-4C33-ACF9-E173CDEEEFAD}.Release|Any CPU.Build.0 = Release|Any CPU
	EndGlobalSection
	GlobalSection(SolutionProperties) = preSolution
		HideSolutionNode = FALSE
	EndGlobalSection
	GlobalSection(ExtensibilityGlobals) = postSolution
		SolutionGuid = {828D1C2D-F66C-4809-80C0-177491FC1A8D}
	EndGlobalSection
EndGlobal
